{
  "name": "home-assistant-polymer",
  "version": "1.0.0",
  "lockfileVersion": 1,
  "requires": true,
  "dependencies": {
    "es6-object-assign": {
      "version": "1.1.0",
      "resolved": "https://registry.npmjs.org/es6-object-assign/-/es6-object-assign-1.1.0.tgz",
      "integrity": "sha1-wsNYJlYkfDnqEHyx5mUrb58kUjw="
    },
    "home-assistant-js-websocket": {
      "version": "1.1.2",
      "resolved": "https://registry.npmjs.org/home-assistant-js-websocket/-/home-assistant-js-websocket-1.1.2.tgz",
      "integrity": "sha1-HaXPk1/8v1n/cjYnstfoZ8+C5xc="
    },
    "mdn-polyfills": {
      "version": "5.5.0",
      "resolved": "https://registry.npmjs.org/mdn-polyfills/-/mdn-polyfills-5.5.0.tgz",
      "integrity": "sha512-CZi7d/rD2csoC37uKu7htg8VVMvKNpXuiX59YN8nGedJ8WakhdT4ZGj0cV7d+6X5hKSr2TyjLcZIXA1QoEL0+w=="
    },
    "preact": {
      "version": "8.2.7",
      "resolved": "https://registry.npmjs.org/preact/-/preact-8.2.7.tgz",
      "integrity": "sha512-m34Ke8U32HyKRVzUOCAcaiIBLR2ye6syiuRclU5DxyixDPDFqdLbIElhERBrF6gDbPKQR+Vpv5bZ9CCbvN6pdQ=="
    },
    "unfetch": {
      "version": "3.0.0",
      "resolved": "https://registry.npmjs.org/unfetch/-/unfetch-3.0.0.tgz",
      "integrity": "sha1-jR4FE6Ts0OX/LUGmund3Gq6LZII="
    }
  }
}
